
Microsoft Visual Studio Solution File, Format Version 12.00
# Visual Studio Version 17
VisualStudioVersion = 17.3.32901.215
MinimumVisualStudioVersion = 10.0.40219.1
Project("{8BC9CEB8-8B4A-11D0-8D11-00A0C91BC942}") = "SampleAsyncServer", "SampleAsyncGameServer\SampleAsyncGameServer.vcxproj", "{72C7CE65-721F-4E60-B431-D3A8BC346AAF}"
EndProject
Project("{8BC9CEB8-8B4A-11D0-8D11-00A0C91BC942}") = "SampleAsyncClient", "SampleAsyncGameClient\SampleAsyncGameClient.vcxproj", "{4DF43794-57A9-43A1-AEEC-4C76BE22E459}"
EndProject
Project("{2150E333-8FDC-42A3-9474-1A3956D46DE8}") = "Document", "Document", "{8A931998-6ED2-4C05-9D0C-0F024140A2C0}"
	ProjectSection(SolutionItems) = preProject
		Readme.txt = Readme.txt
	EndProjectSection
EndProject
Global
	GlobalSection(SolutionConfigurationPlatforms) = preSolution
		Debug|x64 = Debug|x64
		Release|x64 = Release|x64
	EndGlobalSection
	GlobalSection(ProjectConfigurationPlatforms) = postSolution
		{72C7CE65-721F-4E60-B431-D3A8BC346AAF}.Debug|x64.ActiveCfg = Debug|x64
		{72C7CE65-721F-4E60-B431-D3A8BC346AAF}.Debug|x64.Build.0 = Debug|x64
		{72C7CE65-721F-4E60-B431-D3A8BC346AAF}.Release|x64.ActiveCfg = Release|x64
		{72C7CE65-721F-4E60-B431-D3A8BC346AAF}.Release|x64.Build.0 = Release|x64
		{4DF43794-57A9-43A1-AEEC-4C76BE22E459}.Debug|x64.ActiveCfg = Debug|x64
		{4DF43794-57A9-43A1-AEEC-4C76BE22E459}.Debug|x64.Build.0 = Debug|x64
		{4DF43794-57A9-43A1-AEEC-4C76BE22E459}.Release|x64.ActiveCfg = Release|x64
		{4DF43794-57A9-43A1-AEEC-4C76BE22E459}.Release|x64.Build.0 = Release|x64
	EndGlobalSection
	GlobalSection(SolutionProperties) = preSolution
		HideSolutionNode = FALSE
	EndGlobalSection
	GlobalSection(ExtensibilityGlobals) = postSolution
		SolutionGuid = {6779008F-B75A-4869-98C6-1252285C839E}
	EndGlobalSection
EndGlobal
