<?xml version="1.0" encoding="utf-8"?>
<Project ToolsVersion="4.0" xmlns="http://schemas.microsoft.com/developer/msbuild/2003">
  <ItemGroup>
    <ClCompile Include="Source\Main.cpp" />
    <ClCompile Include="Source\stdafx.cpp">
      <Filter>_PCH</Filter>
    </ClCompile>
    <ClCompile Include="Source\ClientEventHandler.cpp">
      <Filter>Handler</Filter>
    </ClCompile>
    <ClCompile Include="Source\ClientPacketHandler.cpp">
      <Filter>Handler</Filter>
    </ClCompile>
  </ItemGroup>
  <ItemGroup>
    <Filter Include="_PCH">
      <UniqueIdentifier>{b637cf69-701b-46c0-8196-73b4cc6c3b9b}</UniqueIdentifier>
    </Filter>
    <Filter Include="Handler">
      <UniqueIdentifier>{534e41fc-fe7e-4fa3-97e5-beaaa21ca777}</UniqueIdentifier>
    </Filter>
  </ItemGroup>
  <ItemGroup>
    <ClInclude Include="Source\stdafx.h">
      <Filter>_PCH</Filter>
    </ClInclude>
    <ClInclude Include="Source\ClientEventHandler.h">
      <Filter>Handler</Filter>
    </ClInclude>
    <ClInclude Include="Source\ClientPacketHandler.h">
      <Filter>Handler</Filter>
    </ClInclude>
  </ItemGroup>
</Project>